
Microsoft Visual Studio Solution File, Format Version 12.00
# Visual Studio Version 16
VisualStudioVersion = 16.0.810.0
MinimumVisualStudioVersion = 10.0.40219.1
Project("{FAE04EC0-301F-11D3-BF4B-00C04F79EFBC}") = "hw", "hw.csproj", "{F2B7F51C-9380-49A6-BCE6-96A06870EC4C}"
EndProject
Global
	GlobalSection(SolutionConfigurationPlatforms) = preSolution
		Debug|anycpu = Debug|anycpu
		Release|anycpu = Release|anycpu
	EndGlobalSection
	GlobalSection(ProjectConfigurationPlatforms) = postSolution
		{F2B7F51C-9380-49A6-BCE6-96A06870EC4C}.Debug|anycpu.ActiveCfg = Debug|anycpu
		{F2B7F51C-9380-49A6-BCE6-96A06870EC4C}.Debug|anycpu.Build.0 = Debug|anycpu
		{F2B7F51C-9380-49A6-BCE6-96A06870EC4C}.Release|anycpu.ActiveCfg = Release|anycpu
		{F2B7F51C-9380-49A6-BCE6-96A06870EC4C}.Release|anycpu.Build.0 = Release|anycpu
	EndGlobalSection
	GlobalSection(SolutionProperties) = preSolution
		HideSolutionNode = FALSE
	EndGlobalSection
	GlobalSection(ExtensibilityGlobals) = postSolution
		SolutionGuid = {3DD5EB2D-E187-43B8-ABAE-979699A78299}
	EndGlobalSection
EndGlobal
